
Microsoft Visual Studio Solution File, Format Version 12.00
# Visual Studio Version 17
VisualStudioVersion = 17.2.32616.157
MinimumVisualStudioVersion = 10.0.40219.1
Project("{FAE04EC0-301F-11D3-BF4B-00C04F79EFBC}") = "RevitAddinAcadmey-Challenge 01", "RevitAddinAcadmey-Challenge 01\RevitAddinAcadmey-Challenge 01.csproj", "{D140A976-2076-4217-A961-A21C4CCA9B6B}"
EndProject
Global
	GlobalSection(SolutionConfigurationPlatforms) = preSolution
		Debug|Any CPU = Debug|Any CPU
		Release|Any CPU = Release|Any CPU
	EndGlobalSection
	GlobalSection(ProjectConfigurationPlatforms) = postSolution
		{D140A976-2076-4217-A961-A21C4CCA9B6B}.Debug|Any CPU.ActiveCfg = Debug|Any CPU
		{D140A976-2076-4217-A961-A21C4CCA9B6B}.Debug|Any CPU.Build.0 = Debug|Any CPU
		{D140A976-2076-4217-A961-A21C4CCA9B6B}.Release|Any CPU.ActiveCfg = Release|Any CPU
		{D140A976-2076-4217-A961-A21C4CCA9B6B}.Release|Any CPU.Build.0 = Release|Any CPU
	EndGlobalSection
	GlobalSection(SolutionProperties) = preSolution
		HideSolutionNode = FALSE
	EndGlobalSection
	GlobalSection(ExtensibilityGlobals) = postSolution
		SolutionGuid = {FBCB0F5E-E237-4DBC-8769-C6D35CD5DEBD}
	EndGlobalSection
EndGlobal
